// !$*UTF8*$!
{
	archiveVersion = 1;
	classes = {
	};
	objectVersion = 48;
	objects = {

/* Begin PBXBuildFile section */
		17F06F962CEC08E360AC1261 /* Pods_Group5AlphaTests.framework in Frameworks */ = {isa = PBXBuildFile; fileRef = D0B9BD4DC5348EA6157B5806 /* Pods_Group5AlphaTests.framework */; };
		812D4B921FA9436A006E425C /* RemNow Logo.png in Resources */ = {isa = PBXBuildFile; fileRef = 812D4B911FA9436A006E425C /* RemNow Logo.png */; };
		812D4B941FA9461A006E425C /* Dooodleista.ttf in Resources */ = {isa = PBXBuildFile; fileRef = 812D4B931FA94607006E425C /* Dooodleista.ttf */; };
		81D0CAA41FA3D33100F99408 /* AppDelegate.swift in Sources */ = {isa = PBXBuildFile; fileRef = 81D0CAA31FA3D33100F99408 /* AppDelegate.swift */; };
		81D0CAA91FA3D33100F99408 /* Main.storyboard in Resources */ = {isa = PBXBuildFile; fileRef = 81D0CAA71FA3D33100F99408 /* Main.storyboard */; };
		81D0CAAB1FA3D33100F99408 /* Assets.xcassets in Resources */ = {isa = PBXBuildFile; fileRef = 81D0CAAA1FA3D33100F99408 /* Assets.xcassets */; };
		81D0CAAE1FA3D33100F99408 /* LaunchScreen.storyboard in Resources */ = {isa = PBXBuildFile; fileRef = 81D0CAAC1FA3D33100F99408 /* LaunchScreen.storyboard */; };
		81D0CAB91FA3D33200F99408 /* Group5AlphaTests.swift in Sources */ = {isa = PBXBuildFile; fileRef = 81D0CAB81FA3D33200F99408 /* Group5AlphaTests.swift */; };
		81D0CAC41FA3D33200F99408 /* Group5AlphaUITests.swift in Sources */ = {isa = PBXBuildFile; fileRef = 81D0CAC31FA3D33200F99408 /* Group5AlphaUITests.swift */; };
		81D0CAD51FA6802D00F99408 /* HomeViewController.swift in Sources */ = {isa = PBXBuildFile; fileRef = 81D0CAD41FA6802D00F99408 /* HomeViewController.swift */; };
		81D0CAD91FA683C400F99408 /* StandardViewTableViewController.swift in Sources */ = {isa = PBXBuildFile; fileRef = 81D0CAD81FA683C400F99408 /* StandardViewTableViewController.swift */; };
		81D0CADD1FA685B100F99408 /* MemoryDetailViewController.swift in Sources */ = {isa = PBXBuildFile; fileRef = 81D0CADC1FA685B100F99408 /* MemoryDetailViewController.swift */; };
		81D0CADF1FA6863100F99408 /* NewMemoryViewController.swift in Sources */ = {isa = PBXBuildFile; fileRef = 81D0CADE1FA6863100F99408 /* NewMemoryViewController.swift */; };
		81D0CAE11FA7F95A00F99408 /* LoginViewController.swift in Sources */ = {isa = PBXBuildFile; fileRef = 81D0CAE01FA7F95A00F99408 /* LoginViewController.swift */; };
		81D0CAE31FA7FA3100F99408 /* RegisterViewController.swift in Sources */ = {isa = PBXBuildFile; fileRef = 81D0CAE21FA7FA3100F99408 /* RegisterViewController.swift */; };
		81E9BEDF1FA90FD700E76A19 /* GoogleService-Info.plist in Resources */ = {isa = PBXBuildFile; fileRef = 81E9BEDE1FA90FD700E76A19 /* GoogleService-Info.plist */; };
		CEAFA991A06079B632BDA457 /* Pods_Group5AlphaUITests.framework in Frameworks */ = {isa = PBXBuildFile; fileRef = 70158BC473FDF600FEB92D39 /* Pods_Group5AlphaUITests.framework */; };
		F4554EA07A31AA1F9CB2ABB6 /* Pods_Group5Alpha.framework in Frameworks */ = {isa = PBXBuildFile; fileRef = E151470B23CF4449431690FD /* Pods_Group5Alpha.framework */; };
/* End PBXBuildFile section */

/* Begin PBXContainerItemProxy section */
		81D0CAB51FA3D33200F99408 /* PBXContainerItemProxy */ = {
			isa = PBXContainerItemProxy;
			containerPortal = 81D0CA981FA3D33100F99408 /* Project object */;
			proxyType = 1;
			remoteGlobalIDString = 81D0CA9F1FA3D33100F99408;
			remoteInfo = Group5Alpha;
		};
		81D0CAC01FA3D33200F99408 /* PBXContainerItemProxy */ = {
			isa = PBXContainerItemProxy;
			containerPortal = 81D0CA981FA3D33100F99408 /* Project object */;
			proxyType = 1;
			remoteGlobalIDString = 81D0CA9F1FA3D33100F99408;
			remoteInfo = Group5Alpha;
		};
/* End PBXContainerItemProxy section */

/* Begin PBXFileReference section */
		49EAB40F6C3CE5FD4C0E09E3 /* Pods-Group5AlphaUITests.release.xcconfig */ = {isa = PBXFileReference; includeInIndex = 1; lastKnownFileType = text.xcconfig; name = "Pods-Group5AlphaUITests.release.xcconfig"; path = "Pods/Target Support Files/Pods-Group5AlphaUITests/Pods-Group5AlphaUITests.release.xcconfig"; sourceTree = "<group>"; };
		60219F2AB18FB67A17D67E86 /* Pods-Group5Alpha.debug.xcconfig */ = {isa = PBXFileReference; includeInIndex = 1; lastKnownFileType = text.xcconfig; name = "Pods-Group5Alpha.debug.xcconfig"; path = "Pods/Target Support Files/Pods-Group5Alpha/Pods-Group5Alpha.debug.xcconfig"; sourceTree = "<group>"; };
		70158BC473FDF600FEB92D39 /* Pods_Group5AlphaUITests.framework */ = {isa = PBXFileReference; explicitFileType = wrapper.framework; includeInIndex = 0; path = Pods_Group5AlphaUITests.framework; sourceTree = BUILT_PRODUCTS_DIR; };
		812D4B911FA9436A006E425C /* RemNow Logo.png */ = {isa = PBXFileReference; lastKnownFileType = image.png; name = "RemNow Logo.png"; path = "../../../../../../../../Downloads/RemNow Logo.png"; sourceTree = "<group>"; };
		812D4B931FA94607006E425C /* Dooodleista.ttf */ = {isa = PBXFileReference; lastKnownFileType = file; name = Dooodleista.ttf; path = ../../../../../../../../Downloads/dooodleista/Dooodleista.ttf; sourceTree = "<group>"; };
		81D0CAA01FA3D33100F99408 /* Group5Alpha.app */ = {isa = PBXFileReference; explicitFileType = wrapper.application; includeInIndex = 0; path = Group5Alpha.app; sourceTree = BUILT_PRODUCTS_DIR; };
		81D0CAA31FA3D33100F99408 /* AppDelegate.swift */ = {isa = PBXFileReference; lastKnownFileType = sourcecode.swift; path = AppDelegate.swift; sourceTree = "<group>"; };
		81D0CAA81FA3D33100F99408 /* Base */ = {isa = PBXFileReference; lastKnownFileType = file.storyboard; name = Base; path = Base.lproj/Main.storyboard; sourceTree = "<group>"; };
		81D0CAAA1FA3D33100F99408 /* Assets.xcassets */ = {isa = PBXFileReference; lastKnownFileType = folder.assetcatalog; path = Assets.xcassets; sourceTree = "<group>"; };
		81D0CAAD1FA3D33100F99408 /* Base */ = {isa = PBXFileReference; lastKnownFileType = file.storyboard; name = Base; path = Base.lproj/LaunchScreen.storyboard; sourceTree = "<group>"; };
		81D0CAAF1FA3D33100F99408 /* Info.plist */ = {isa = PBXFileReference; lastKnownFileType = text.plist.xml; path = Info.plist; sourceTree = "<group>"; };
		81D0CAB41FA3D33200F99408 /* Group5AlphaTests.xctest */ = {isa = PBXFileReference; explicitFileType = wrapper.cfbundle; includeInIndex = 0; path = Group5AlphaTests.xctest; sourceTree = BUILT_PRODUCTS_DIR; };
		81D0CAB81FA3D33200F99408 /* Group5AlphaTests.swift */ = {isa = PBXFileReference; lastKnownFileType = sourcecode.swift; path = Group5AlphaTests.swift; sourceTree = "<group>"; };
		81D0CABA1FA3D33200F99408 /* Info.plist */ = {isa = PBXFileReference; lastKnownFileType = text.plist.xml; path = Info.plist; sourceTree = "<group>"; };
		81D0CABF1FA3D33200F99408 /* Group5AlphaUITests.xctest */ = {isa = PBXFileReference; explicitFileType = wrapper.cfbundle; includeInIndex = 0; path = Group5AlphaUITests.xctest; sourceTree = BUILT_PRODUCTS_DIR; };
		81D0CAC31FA3D33200F99408 /* Group5AlphaUITests.swift */ = {isa = PBXFileReference; lastKnownFileType = sourcecode.swift; path = Group5AlphaUITests.swift; sourceTree = "<group>"; };
		81D0CAC51FA3D33200F99408 /* Info.plist */ = {isa = PBXFileReference; lastKnownFileType = text.plist.xml; path = Info.plist; sourceTree = "<group>"; };
		81D0CAD41FA6802D00F99408 /* HomeViewController.swift */ = {isa = PBXFileReference; lastKnownFileType = sourcecode.swift; path = HomeViewController.swift; sourceTree = "<group>"; };
		81D0CAD81FA683C400F99408 /* StandardViewTableViewController.swift */ = {isa = PBXFileReference; lastKnownFileType = sourcecode.swift; path = StandardViewTableViewController.swift; sourceTree = "<group>"; };
		81D0CADC1FA685B100F99408 /* MemoryDetailViewController.swift */ = {isa = PBXFileReference; lastKnownFileType = sourcecode.swift; path = MemoryDetailViewController.swift; sourceTree = "<group>"; };
		81D0CADE1FA6863100F99408 /* NewMemoryViewController.swift */ = {isa = PBXFileReference; lastKnownFileType = sourcecode.swift; path = NewMemoryViewController.swift; sourceTree = "<group>"; };
		81D0CAE01FA7F95A00F99408 /* LoginViewController.swift */ = {isa = PBXFileReference; lastKnownFileType = sourcecode.swift; path = LoginViewController.swift; sourceTree = "<group>"; };
		81D0CAE21FA7FA3100F99408 /* RegisterViewController.swift */ = {isa = PBXFileReference; lastKnownFileType = sourcecode.swift; path = RegisterViewController.swift; sourceTree = "<group>"; };
		81E9BEDE1FA90FD700E76A19 /* GoogleService-Info.plist */ = {isa = PBXFileReference; fileEncoding = 4; lastKnownFileType = text.plist.xml; name = "GoogleService-Info.plist"; path = "../../../../../../../../Downloads/GoogleService-Info.plist"; sourceTree = "<group>"; };
		86DD2508AC90F34B7183ECF7 /* Pods-Group5Alpha.release.xcconfig */ = {isa = PBXFileReference; includeInIndex = 1; lastKnownFileType = text.xcconfig; name = "Pods-Group5Alpha.release.xcconfig"; path = "Pods/Target Support Files/Pods-Group5Alpha/Pods-Group5Alpha.release.xcconfig"; sourceTree = "<group>"; };
		9D5FCE236624D3F62B458EA2 /* Pods-Group5AlphaUITests.debug.xcconfig */ = {isa = PBXFileReference; includeInIndex = 1; lastKnownFileType = text.xcconfig; name = "Pods-Group5AlphaUITests.debug.xcconfig"; path = "Pods/Target Support Files/Pods-Group5AlphaUITests/Pods-Group5AlphaUITests.debug.xcconfig"; sourceTree = "<group>"; };
		A7ACCF9343C66B7EDB3BB57E /* Pods-Group5AlphaTests.debug.xcconfig */ = {isa = PBXFileReference; includeInIndex = 1; lastKnownFileType = text.xcconfig; name = "Pods-Group5AlphaTests.debug.xcconfig"; path = "Pods/Target Support Files/Pods-Group5AlphaTests/Pods-Group5AlphaTests.debug.xcconfig"; sourceTree = "<group>"; };
		A812D3B017E860070240F7A8 /* Pods-Group5AlphaTests.release.xcconfig */ = {isa = PBXFileReference; includeInIndex = 1; lastKnownFileType = text.xcconfig; name = "Pods-Group5AlphaTests.release.xcconfig"; path = "Pods/Target Support Files/Pods-Group5AlphaTests/Pods-Group5AlphaTests.release.xcconfig"; sourceTree = "<group>"; };
		D0B9BD4DC5348EA6157B5806 /* Pods_Group5AlphaTests.framework */ = {isa = PBXFileReference; explicitFileType = wrapper.framework; includeInIndex = 0; path = Pods_Group5AlphaTests.framework; sourceTree = BUILT_PRODUCTS_DIR; };
		E151470B23CF4449431690FD /* Pods_Group5Alpha.framework */ = {isa = PBXFileReference; explicitFileType = wrapper.framework; includeInIndex = 0; path = Pods_Group5Alpha.framework; sourceTree = BUILT_PRODUCTS_DIR; };
/* End PBXFileReference section */

/* Begin PBXFrameworksBuildPhase section */
		81D0CA9D1FA3D33100F99408 /* Frameworks */ = {
			isa = PBXFrameworksBuildPhase;
			buildActionMask = 2147483647;
			files = (
				F4554EA07A31AA1F9CB2ABB6 /* Pods_Group5Alpha.framework in Frameworks */,
			);
			runOnlyForDeploymentPostprocessing = 0;
		};
		81D0CAB11FA3D33200F99408 /* Frameworks */ = {
			isa = PBXFrameworksBuildPhase;
			buildActionMask = 2147483647;
			files = (
				17F06F962CEC08E360AC1261 /* Pods_Group5AlphaTests.framework in Frameworks */,
			);
			runOnlyForDeploymentPostprocessing = 0;
		};
		81D0CABC1FA3D33200F99408 /* Frameworks */ = {
			isa = PBXFrameworksBuildPhase;
			buildActionMask = 2147483647;
			files = (
				CEAFA991A06079B632BDA457 /* Pods_Group5AlphaUITests.framework in Frameworks */,
			);
			runOnlyForDeploymentPostprocessing = 0;
		};
/* End PBXFrameworksBuildPhase section */

/* Begin PBXGroup section */
		4D351647EBFB27323ECFE16B /* Pods */ = {
			isa = PBXGroup;
			children = (
				60219F2AB18FB67A17D67E86 /* Pods-Group5Alpha.debug.xcconfig */,
				86DD2508AC90F34B7183ECF7 /* Pods-Group5Alpha.release.xcconfig */,
				A7ACCF9343C66B7EDB3BB57E /* Pods-Group5AlphaTests.debug.xcconfig */,
				A812D3B017E860070240F7A8 /* Pods-Group5AlphaTests.release.xcconfig */,
				9D5FCE236624D3F62B458EA2 /* Pods-Group5AlphaUITests.debug.xcconfig */,
				49EAB40F6C3CE5FD4C0E09E3 /* Pods-Group5AlphaUITests.release.xcconfig */,
			);
			name = Pods;
			sourceTree = "<group>";
		};
		812D4B901FA942DE006E425C /* Resources */ = {
			isa = PBXGroup;
			children = (
				812D4B931FA94607006E425C /* Dooodleista.ttf */,
				812D4B911FA9436A006E425C /* RemNow Logo.png */,
			);
			path = Resources;
			sourceTree = "<group>";
		};
		81D0CA971FA3D33100F99408 = {
			isa = PBXGroup;
			children = (
				81D0CAA21FA3D33100F99408 /* Group5Alpha */,
				812D4B901FA942DE006E425C /* Resources */,
				81D0CAB71FA3D33200F99408 /* Group5AlphaTests */,
				81D0CAC21FA3D33200F99408 /* Group5AlphaUITests */,
				81D0CAA11FA3D33100F99408 /* Products */,
				4D351647EBFB27323ECFE16B /* Pods */,
				B33A25A665222F1424A0B55B /* Frameworks */,
			);
			sourceTree = "<group>";
		};
		81D0CAA11FA3D33100F99408 /* Products */ = {
			isa = PBXGroup;
			children = (
				81D0CAA01FA3D33100F99408 /* Group5Alpha.app */,
				81D0CAB41FA3D33200F99408 /* Group5AlphaTests.xctest */,
				81D0CABF1FA3D33200F99408 /* Group5AlphaUITests.xctest */,
			);
			name = Products;
			sourceTree = "<group>";
		};
		81D0CAA21FA3D33100F99408 /* Group5Alpha */ = {
			isa = PBXGroup;
			children = (
				81D0CAE01FA7F95A00F99408 /* LoginViewController.swift */,
				81D0CAE21FA7FA3100F99408 /* RegisterViewController.swift */,
				81D0CAD41FA6802D00F99408 /* HomeViewController.swift */,
				81D0CADE1FA6863100F99408 /* NewMemoryViewController.swift */,
				81D0CAD81FA683C400F99408 /* StandardViewTableViewController.swift */,
				81D0CADC1FA685B100F99408 /* MemoryDetailViewController.swift */,
				81D0CAA31FA3D33100F99408 /* AppDelegate.swift */,
				81D0CAA71FA3D33100F99408 /* Main.storyboard */,
				81D0CAAA1FA3D33100F99408 /* Assets.xcassets */,
				81D0CAAC1FA3D33100F99408 /* LaunchScreen.storyboard */,
				81D0CAAF1FA3D33100F99408 /* Info.plist */,
				81E9BEDE1FA90FD700E76A19 /* GoogleService-Info.plist */,
			);
			path = Group5Alpha;
			sourceTree = "<group>";
		};
		81D0CAB71FA3D33200F99408 /* Group5AlphaTests */ = {
			isa = PBXGroup;
			children = (
				81D0CAB81FA3D33200F99408 /* Group5AlphaTests.swift */,
				81D0CABA1FA3D33200F99408 /* Info.plist */,
			);
			path = Group5AlphaTests;
			sourceTree = "<group>";
		};
		81D0CAC21FA3D33200F99408 /* Group5AlphaUITests */ = {
			isa = PBXGroup;
			children = (
				81D0CAC31FA3D33200F99408 /* Group5AlphaUITests.swift */,
				81D0CAC51FA3D33200F99408 /* Info.plist */,
			);
			path = Group5AlphaUITests;
			sourceTree = "<group>";
		};
		B33A25A665222F1424A0B55B /* Frameworks */ = {
			isa = PBXGroup;
			children = (
				E151470B23CF4449431690FD /* Pods_Group5Alpha.framework */,
				D0B9BD4DC5348EA6157B5806 /* Pods_Group5AlphaTests.framework */,
				70158BC473FDF600FEB92D39 /* Pods_Group5AlphaUITests.framework */,
			);
			name = Frameworks;
			sourceTree = "<group>";
		};
/* End PBXGroup section */

/* Begin PBXNativeTarget section */
		81D0CA9F1FA3D33100F99408 /* Group5Alpha */ = {
			isa = PBXNativeTarget;
			buildConfigurationList = 81D0CAC81FA3D33200F99408 /* Build configuration list for PBXNativeTarget "Group5Alpha" */;
			buildPhases = (
				AB73BADC27B694D1D93B76FF /* [CP] Check Pods Manifest.lock */,
				81D0CA9C1FA3D33100F99408 /* Sources */,
				81D0CA9D1FA3D33100F99408 /* Frameworks */,
				81D0CA9E1FA3D33100F99408 /* Resources */,
				A970B9C80B7DAC26E25859A9 /* [CP] Embed Pods Frameworks */,
				9534F033D0E8245397DE349B /* [CP] Copy Pods Resources */,
			);
			buildRules = (
			);
			dependencies = (
			);
			name = Group5Alpha;
			productName = Group5Alpha;
			productReference = 81D0CAA01FA3D33100F99408 /* Group5Alpha.app */;
			productType = "com.apple.product-type.application";
		};
		81D0CAB31FA3D33200F99408 /* Group5AlphaTests */ = {
			isa = PBXNativeTarget;
			buildConfigurationList = 81D0CACB1FA3D33200F99408 /* Build configuration list for PBXNativeTarget "Group5AlphaTests" */;
			buildPhases = (
				856DDB7350982BA62E09CC6F /* [CP] Check Pods Manifest.lock */,
				81D0CAB01FA3D33200F99408 /* Sources */,
				81D0CAB11FA3D33200F99408 /* Frameworks */,
				81D0CAB21FA3D33200F99408 /* Resources */,
				FC5669B86EBA3932DD8FF0F7 /* [CP] Embed Pods Frameworks */,
				60D45C04D60E027C0CF3A630 /* [CP] Copy Pods Resources */,
			);
			buildRules = (
			);
			dependencies = (
				81D0CAB61FA3D33200F99408 /* PBXTargetDependency */,
			);
			name = Group5AlphaTests;
			productName = Group5AlphaTests;
			productReference = 81D0CAB41FA3D33200F99408 /* Group5AlphaTests.xctest */;
			productType = "com.apple.product-type.bundle.unit-test";
		};
		81D0CABE1FA3D33200F99408 /* Group5AlphaUITests */ = {
			isa = PBXNativeTarget;
			buildConfigurationList = 81D0CACE1FA3D33200F99408 /* Build configuration list for PBXNativeTarget "Group5AlphaUITests" */;
			buildPhases = (
				D5CEFDA45A2E0CC5B599B560 /* [CP] Check Pods Manifest.lock */,
				81D0CABB1FA3D33200F99408 /* Sources */,
				81D0CABC1FA3D33200F99408 /* Frameworks */,
				81D0CABD1FA3D33200F99408 /* Resources */,
				946523BA7F84995F1590AD8C /* [CP] Embed Pods Frameworks */,
				9758C6C88B970AF9E6EA68FA /* [CP] Copy Pods Resources */,
			);
			buildRules = (
			);
			dependencies = (
				81D0CAC11FA3D33200F99408 /* PBXTargetDependency */,
			);
			name = Group5AlphaUITests;
			productName = Group5AlphaUITests;
			productReference = 81D0CABF1FA3D33200F99408 /* Group5AlphaUITests.xctest */;
			productType = "com.apple.product-type.bundle.ui-testing";
		};
/* End PBXNativeTarget section */

/* Begin PBXProject section */
		81D0CA981FA3D33100F99408 /* Project object */ = {
			isa = PBXProject;
			attributes = {
				LastSwiftUpdateCheck = 0900;
				LastUpgradeCheck = 0900;
				ORGANIZATIONNAME = "Daniel Pimentel";
				TargetAttributes = {
					81D0CA9F1FA3D33100F99408 = {
						CreatedOnToolsVersion = 9.0.1;
						ProvisioningStyle = Automatic;
					};
					81D0CAB31FA3D33200F99408 = {
						CreatedOnToolsVersion = 9.0.1;
						ProvisioningStyle = Automatic;
						TestTargetID = 81D0CA9F1FA3D33100F99408;
					};
					81D0CABE1FA3D33200F99408 = {
						CreatedOnToolsVersion = 9.0.1;
						ProvisioningStyle = Automatic;
						TestTargetID = 81D0CA9F1FA3D33100F99408;
					};
				};
			};
			buildConfigurationList = 81D0CA9B1FA3D33100F99408 /* Build configuration list for PBXProject "Group5Alpha" */;
			compatibilityVersion = "Xcode 8.0";
			developmentRegion = en;
			hasScannedForEncodings = 0;
			knownRegions = (
				en,
				Base,
			);
			mainGroup = 81D0CA971FA3D33100F99408;
			productRefGroup = 81D0CAA11FA3D33100F99408 /* Products */;
			projectDirPath = "";
			projectRoot = "";
			targets = (
				81D0CA9F1FA3D33100F99408 /* Group5Alpha */,
				81D0CAB31FA3D33200F99408 /* Group5AlphaTests */,
				81D0CABE1FA3D33200F99408 /* Group5AlphaUITests */,
			);
		};
/* End PBXProject section */

/* Begin PBXResourcesBuildPhase section */
		81D0CA9E1FA3D33100F99408 /* Resources */ = {
			isa = PBXResourcesBuildPhase;
			buildActionMask = 2147483647;
			files = (
				812D4B921FA9436A006E425C /* RemNow Logo.png in Resources */,
				81D0CAAE1FA3D33100F99408 /* LaunchScreen.storyboard in Resources */,
				812D4B941FA9461A006E425C /* Dooodleista.ttf in Resources */,
				81E9BEDF1FA90FD700E76A19 /* GoogleService-Info.plist in Resources */,
				81D0CAAB1FA3D33100F99408 /* Assets.xcassets in Resources */,
				81D0CAA91FA3D33100F99408 /* Main.storyboard in Resources */,
			);
			runOnlyForDeploymentPostprocessing = 0;
		};
		81D0CAB21FA3D33200F99408 /* Resources */ = {
			isa = PBXResourcesBuildPhase;
			buildActionMask = 2147483647;
			files = (
			);
			runOnlyForDeploymentPostprocessing = 0;
		};
		81D0CABD1FA3D33200F99408 /* Resources */ = {
			isa = PBXResourcesBuildPhase;
			buildActionMask = 2147483647;
			files = (
			);
			runOnlyForDeploymentPostprocessing = 0;
		};
/* End PBXResourcesBuildPhase section */

/* Begin PBXShellScriptBuildPhase section */
		60D45C04D60E027C0CF3A630 /* [CP] Copy Pods Resources */ = {
			isa = PBXShellScriptBuildPhase;
			buildActionMask = 2147483647;
			files = (
			);
			inputPaths = (
			);
			name = "[CP] Copy Pods Resources";
			outputPaths = (
			);
			runOnlyForDeploymentPostprocessing = 0;
			shellPath = /bin/sh;
			shellScript = "\"${SRCROOT}/Pods/Target Support Files/Pods-Group5AlphaTests/Pods-Group5AlphaTests-resources.sh\"\n";
			showEnvVarsInLog = 0;
		};
		856DDB7350982BA62E09CC6F /* [CP] Check Pods Manifest.lock */ = {
			isa = PBXShellScriptBuildPhase;
			buildActionMask = 2147483647;
			files = (
			);
			inputPaths = (
				"${PODS_PODFILE_DIR_PATH}/Podfile.lock",
				"${PODS_ROOT}/Manifest.lock",
			);
			name = "[CP] Check Pods Manifest.lock";
			outputPaths = (
				"$(DERIVED_FILE_DIR)/Pods-Group5AlphaTests-checkManifestLockResult.txt",
			);
			runOnlyForDeploymentPostprocessing = 0;
			shellPath = /bin/sh;
			shellScript = "diff \"${PODS_PODFILE_DIR_PATH}/Podfile.lock\" \"${PODS_ROOT}/Manifest.lock\" > /dev/null\nif [ $? != 0 ] ; then\n    # print error to STDERR\n    echo \"error: The sandbox is not in sync with the Podfile.lock. Run 'pod install' or update your CocoaPods installation.\" >&2\n    exit 1\nfi\n# This output is used by Xcode 'outputs' to avoid re-running this script phase.\necho \"SUCCESS\" > \"${SCRIPT_OUTPUT_FILE_0}\"\n";
			showEnvVarsInLog = 0;
		};
		946523BA7F84995F1590AD8C /* [CP] Embed Pods Frameworks */ = {
			isa = PBXShellScriptBuildPhase;
			buildActionMask = 2147483647;
			files = (
			);
			inputPaths = (
			);
			name = "[CP] Embed Pods Frameworks";
			outputPaths = (
			);
			runOnlyForDeploymentPostprocessing = 0;
			shellPath = /bin/sh;
			shellScript = "\"${SRCROOT}/Pods/Target Support Files/Pods-Group5AlphaUITests/Pods-Group5AlphaUITests-frameworks.sh\"\n";
			showEnvVarsInLog = 0;
		};
		9534F033D0E8245397DE349B /* [CP] Copy Pods Resources */ = {
			isa = PBXShellScriptBuildPhase;
			buildActionMask = 2147483647;
			files = (
			);
			inputPaths = (
			);
			name = "[CP] Copy Pods Resources";
			outputPaths = (
			);
			runOnlyForDeploymentPostprocessing = 0;
			shellPath = /bin/sh;
			shellScript = "\"${SRCROOT}/Pods/Target Support Files/Pods-Group5Alpha/Pods-Group5Alpha-resources.sh\"\n";
			showEnvVarsInLog = 0;
		};
		9758C6C88B970AF9E6EA68FA /* [CP] Copy Pods Resources */ = {
			isa = PBXShellScriptBuildPhase;
			buildActionMask = 2147483647;
			files = (
			);
			inputPaths = (
			);
			name = "[CP] Copy Pods Resources";
			outputPaths = (
			);
			runOnlyForDeploymentPostprocessing = 0;
			shellPath = /bin/sh;
			shellScript = "\"${SRCROOT}/Pods/Target Support Files/Pods-Group5AlphaUITests/Pods-Group5AlphaUITests-resources.sh\"\n";
			showEnvVarsInLog = 0;
		};
		A970B9C80B7DAC26E25859A9 /* [CP] Embed Pods Frameworks */ = {
			isa = PBXShellScriptBuildPhase;
			buildActionMask = 2147483647;
			files = (
			);
			inputPaths = (
				"${SRCROOT}/Pods/Target Support Files/Pods-Group5Alpha/Pods-Group5Alpha-frameworks.sh",
				"${BUILT_PRODUCTS_DIR}/GTMSessionFetcher/GTMSessionFetcher.framework",
				"${BUILT_PRODUCTS_DIR}/GoogleToolboxForMac/GoogleToolboxForMac.framework",
				"${BUILT_PRODUCTS_DIR}/nanopb/nanopb.framework",
			);
			name = "[CP] Embed Pods Frameworks";
			outputPaths = (
				"${TARGET_BUILD_DIR}/${FRAMEWORKS_FOLDER_PATH}/GTMSessionFetcher.framework",
				"${TARGET_BUILD_DIR}/${FRAMEWORKS_FOLDER_PATH}/GoogleToolboxForMac.framework",
				"${TARGET_BUILD_DIR}/${FRAMEWORKS_FOLDER_PATH}/nanopb.framework",
			);
			runOnlyForDeploymentPostprocessing = 0;
			shellPath = /bin/sh;
			shellScript = "\"${SRCROOT}/Pods/Target Support Files/Pods-Group5Alpha/Pods-Group5Alpha-frameworks.sh\"\n";
			showEnvVarsInLog = 0;
		};
		AB73BADC27B694D1D93B76FF /* [CP] Check Pods Manifest.lock */ = {
			isa = PBXShellScriptBuildPhase;
			buildActionMask = 2147483647;
			files = (
			);
			inputPaths = (
				"${PODS_PODFILE_DIR_PATH}/Podfile.lock",
				"${PODS_ROOT}/Manifest.lock",
			);
			name = "[CP] Check Pods Manifest.lock";
			outputPaths = (
				"$(DERIVED_FILE_DIR)/Pods-Group5Alpha-checkManifestLockResult.txt",
			);
			runOnlyForDeploymentPostprocessing = 0;
			shellPath = /bin/sh;
			shellScript = "diff \"${PODS_PODFILE_DIR_PATH}/Podfile.lock\" \"${PODS_ROOT}/Manifest.lock\" > /dev/null\nif [ $? != 0 ] ; then\n    # print error to STDERR\n    echo \"error: The sandbox is not in sync with the Podfile.lock. Run 'pod install' or update your CocoaPods installation.\" >&2\n    exit 1\nfi\n# This output is used by Xcode 'outputs' to avoid re-running this script phase.\necho \"SUCCESS\" > \"${SCRIPT_OUTPUT_FILE_0}\"\n";
			showEnvVarsInLog = 0;
		};
		D5CEFDA45A2E0CC5B599B560 /* [CP] Check Pods Manifest.lock */ = {
			isa = PBXShellScriptBuildPhase;
			buildActionMask = 2147483647;
			files = (
			);
			inputPaths = (
				"${PODS_PODFILE_DIR_PATH}/Podfile.lock",
				"${PODS_ROOT}/Manifest.lock",
			);
			name = "[CP] Check Pods Manifest.lock";
			outputPaths = (
				"$(DERIVED_FILE_DIR)/Pods-Group5AlphaUITests-checkManifestLockResult.txt",
			);
			runOnlyForDeploymentPostprocessing = 0;
			shellPath = /bin/sh;
			shellScript = "diff \"${PODS_PODFILE_DIR_PATH}/Podfile.lock\" \"${PODS_ROOT}/Manifest.lock\" > /dev/null\nif [ $? != 0 ] ; then\n    # print error to STDERR\n    echo \"error: The sandbox is not in sync with the Podfile.lock. Run 'pod install' or update your CocoaPods installation.\" >&2\n    exit 1\nfi\n# This output is used by Xcode 'outputs' to avoid re-running this script phase.\necho \"SUCCESS\" > \"${SCRIPT_OUTPUT_FILE_0}\"\n";
			showEnvVarsInLog = 0;
		};
		FC5669B86EBA3932DD8FF0F7 /* [CP] Embed Pods Frameworks */ = {
			isa = PBXShellScriptBuildPhase;
			buildActionMask = 2147483647;
			files = (
			);
			inputPaths = (
			);
			name = "[CP] Embed Pods Frameworks";
			outputPaths = (
			);
			runOnlyForDeploymentPostprocessing = 0;
			shellPath = /bin/sh;
			shellScript = "\"${SRCROOT}/Pods/Target Support Files/Pods-Group5AlphaTests/Pods-Group5AlphaTests-frameworks.sh\"\n";
			showEnvVarsInLog = 0;
		};
/* End PBXShellScriptBuildPhase section */

/* Begin PBXSourcesBuildPhase section */
		81D0CA9C1FA3D33100F99408 /* Sources */ = {
			isa = PBXSourcesBuildPhase;
			buildActionMask = 2147483647;
			files = (
				81D0CAE11FA7F95A00F99408 /* LoginViewController.swift in Sources */,
				81D0CADD1FA685B100F99408 /* MemoryDetailViewController.swift in Sources */,
				81D0CAE31FA7FA3100F99408 /* RegisterViewController.swift in Sources */,
				81D0CADF1FA6863100F99408 /* NewMemoryViewController.swift in Sources */,
				81D0CAA41FA3D33100F99408 /* AppDelegate.swift in Sources */,
				81D0CAD51FA6802D00F99408 /* HomeViewController.swift in Sources */,
				81D0CAD91FA683C400F99408 /* StandardViewTableViewController.swift in Sources */,
			);
			runOnlyForDeploymentPostprocessing = 0;
		};
		81D0CAB01FA3D33200F99408 /* Sources */ = {
			isa = PBXSourcesBuildPhase;
			buildActionMask = 2147483647;
			files = (
				81D0CAB91FA3D33200F99408 /* Group5AlphaTests.swift in Sources */,
			);
			runOnlyForDeploymentPostprocessing = 0;
		};
		81D0CABB1FA3D33200F99408 /* Sources */ = {
			isa = PBXSourcesBuildPhase;
			buildActionMask = 2147483647;
			files = (
				81D0CAC41FA3D33200F99408 /* Group5AlphaUITests.swift in Sources */,
			);
			runOnlyForDeploymentPostprocessing = 0;
		};
/* End PBXSourcesBuildPhase section */

/* Begin PBXTargetDependency section */
		81D0CAB61FA3D33200F99408 /* PBXTargetDependency */ = {
			isa = PBXTargetDependency;
			target = 81D0CA9F1FA3D33100F99408 /* Group5Alpha */;
			targetProxy = 81D0CAB51FA3D33200F99408 /* PBXContainerItemProxy */;
		};
		81D0CAC11FA3D33200F99408 /* PBXTargetDependency */ = {
			isa = PBXTargetDependency;
			target = 81D0CA9F1FA3D33100F99408 /* Group5Alpha */;
			targetProxy = 81D0CAC01FA3D33200F99408 /* PBXContainerItemProxy */;
		};
/* End PBXTargetDependency section */

/* Begin PBXVariantGroup section */
		81D0CAA71FA3D33100F99408 /* Main.storyboard */ = {
			isa = PBXVariantGroup;
			children = (
				81D0CAA81FA3D33100F99408 /* Base */,
			);
			name = Main.storyboard;
			sourceTree = "<group>";
		};
		81D0CAAC1FA3D33100F99408 /* LaunchScreen.storyboard */ = {
			isa = PBXVariantGroup;
			children = (
				81D0CAAD1FA3D33100F99408 /* Base */,
			);
			name = LaunchScreen.storyboard;
			sourceTree = "<group>";
		};
/* End PBXVariantGroup section */

/* Begin XCBuildConfiguration section */
		81D0CAC61FA3D33200F99408 /* Debug */ = {
			isa = XCBuildConfiguration;
			buildSettings = {
				ALWAYS_SEARCH_USER_PATHS = NO;
				CLANG_ANALYZER_NONNULL = YES;
				CLANG_ANALYZER_NUMBER_OBJECT_CONVERSION = YES_AGGRESSIVE;
				CLANG_CXX_LANGUAGE_STANDARD = "gnu++14";
				CLANG_CXX_LIBRARY = "libc++";
				CLANG_ENABLE_MODULES = YES;
				CLANG_ENABLE_OBJC_ARC = YES;
				CLANG_WARN_BLOCK_CAPTURE_AUTORELEASING = YES;
				CLANG_WARN_BOOL_CONVERSION = YES;
				CLANG_WARN_COMMA = YES;
				CLANG_WARN_CONSTANT_CONVERSION = YES;
				CLANG_WARN_DIRECT_OBJC_ISA_USAGE = YES_ERROR;
				CLANG_WARN_DOCUMENTATION_COMMENTS = YES;
				CLANG_WARN_EMPTY_BODY = YES;
				CLANG_WARN_ENUM_CONVERSION = YES;
				CLANG_WARN_INFINITE_RECURSION = YES;
				CLANG_WARN_INT_CONVERSION = YES;
				CLANG_WARN_NON_LITERAL_NULL_CONVERSION = YES;
				CLANG_WARN_OBJC_LITERAL_CONVERSION = YES;
				CLANG_WARN_OBJC_ROOT_CLASS = YES_ERROR;
				CLANG_WARN_RANGE_LOOP_ANALYSIS = YES;
				CLANG_WARN_STRICT_PROTOTYPES = YES;
				CLANG_WARN_SUSPICIOUS_MOVE = YES;
				CLANG_WARN_UNGUARDED_AVAILABILITY = YES_AGGRESSIVE;
				CLANG_WARN_UNREACHABLE_CODE = YES;
				CLANG_WARN__DUPLICATE_METHOD_MATCH = YES;
				CODE_SIGN_IDENTITY = "iPhone Developer";
				COPY_PHASE_STRIP = NO;
				DEBUG_INFORMATION_FORMAT = dwarf;
				ENABLE_STRICT_OBJC_MSGSEND = YES;
				ENABLE_TESTABILITY = YES;
				GCC_C_LANGUAGE_STANDARD = gnu11;
				GCC_DYNAMIC_NO_PIC = NO;
				GCC_NO_COMMON_BLOCKS = YES;
				GCC_OPTIMIZATION_LEVEL = 0;
				GCC_PREPROCESSOR_DEFINITIONS = (
					"DEBUG=1",
					"$(inherited)",
				);
				GCC_WARN_64_TO_32_BIT_CONVERSION = YES;
				GCC_WARN_ABOUT_RETURN_TYPE = YES_ERROR;
				GCC_WARN_UNDECLARED_SELECTOR = YES;
				GCC_WARN_UNINITIALIZED_AUTOS = YES_AGGRESSIVE;
				GCC_WARN_UNUSED_FUNCTION = YES;
				GCC_WARN_UNUSED_VARIABLE = YES;
				IPHONEOS_DEPLOYMENT_TARGET = 11.0;
				MTL_ENABLE_DEBUG_INFO = YES;
				ONLY_ACTIVE_ARCH = YES;
				SDKROOT = iphoneos;
				SWIFT_ACTIVE_COMPILATION_CONDITIONS = DEBUG;
				SWIFT_OPTIMIZATION_LEVEL = "-Onone";
			};
			name = Debug;
		};
		81D0CAC71FA3D33200F99408 /* Release */ = {
			isa = XCBuildConfiguration;
			buildSettings = {
				ALWAYS_SEARCH_USER_PATHS = NO;
				CLANG_ANALYZER_NONNULL = YES;
				CLANG_ANALYZER_NUMBER_OBJECT_CONVERSION = YES_AGGRESSIVE;
				CLANG_CXX_LANGUAGE_STANDARD = "gnu++14";
				CLANG_CXX_LIBRARY = "libc++";
				CLANG_ENABLE_MODULES = YES;
				CLANG_ENABLE_OBJC_ARC = YES;
				CLANG_WARN_BLOCK_CAPTURE_AUTORELEASING = YES;
				CLANG_WARN_BOOL_CONVERSION = YES;
				CLANG_WARN_COMMA = YES;
				CLANG_WARN_CONSTANT_CONVERSION = YES;
				CLANG_WARN_DIRECT_OBJC_ISA_USAGE = YES_ERROR;
				CLANG_WARN_DOCUMENTATION_COMMENTS = YES;
				CLANG_WARN_EMPTY_BODY = YES;
				CLANG_WARN_ENUM_CONVERSION = YES;
				CLANG_WARN_INFINITE_RECURSION = YES;
				CLANG_WARN_INT_CONVERSION = YES;
				CLANG_WARN_NON_LITERAL_NULL_CONVERSION = YES;
				CLANG_WARN_OBJC_LITERAL_CONVERSION = YES;
				CLANG_WARN_OBJC_ROOT_CLASS = YES_ERROR;
				CLANG_WARN_RANGE_LOOP_ANALYSIS = YES;
				CLANG_WARN_STRICT_PROTOTYPES = YES;
				CLANG_WARN_SUSPICIOUS_MOVE = YES;
				CLANG_WARN_UNGUARDED_AVAILABILITY = YES_AGGRESSIVE;
				CLANG_WARN_UNREACHABLE_CODE = YES;
				CLANG_WARN__DUPLICATE_METHOD_MATCH = YES;
				CODE_SIGN_IDENTITY = "iPhone Developer";
				COPY_PHASE_STRIP = NO;
				DEBUG_INFORMATION_FORMAT = "dwarf-with-dsym";
				ENABLE_NS_ASSERTIONS = NO;
				ENABLE_STRICT_OBJC_MSGSEND = YES;
				GCC_C_LANGUAGE_STANDARD = gnu11;
				GCC_NO_COMMON_BLOCKS = YES;
				GCC_WARN_64_TO_32_BIT_CONVERSION = YES;
				GCC_WARN_ABOUT_RETURN_TYPE = YES_ERROR;
				GCC_WARN_UNDECLARED_SELECTOR = YES;
				GCC_WARN_UNINITIALIZED_AUTOS = YES_AGGRESSIVE;
				GCC_WARN_UNUSED_FUNCTION = YES;
				GCC_WARN_UNUSED_VARIABLE = YES;
				IPHONEOS_DEPLOYMENT_TARGET = 11.0;
				MTL_ENABLE_DEBUG_INFO = NO;
				SDKROOT = iphoneos;
				SWIFT_OPTIMIZATION_LEVEL = "-Owholemodule";
				VALIDATE_PRODUCT = YES;
			};
			name = Release;
		};
		81D0CAC91FA3D33200F99408 /* Debug */ = {
			isa = XCBuildConfiguration;
			baseConfigurationReference = 60219F2AB18FB67A17D67E86 /* Pods-Group5Alpha.debug.xcconfig */;
			buildSettings = {
				ASSETCATALOG_COMPILER_APPICON_NAME = AppIcon;
				CODE_SIGN_STYLE = Automatic;
				INFOPLIST_FILE = Group5Alpha/Info.plist;
				LD_RUNPATH_SEARCH_PATHS = "$(inherited) @executable_path/Frameworks";
				PRODUCT_BUNDLE_IDENTIFIER = "Daniel-Pimentel.Group5Alpha";
				PRODUCT_NAME = "$(TARGET_NAME)";
				SWIFT_VERSION = 4.0;
				TARGETED_DEVICE_FAMILY = "1,2";
			};
			name = Debug;
		};
		81D0CACA1FA3D33200F99408 /* Release */ = {
			isa = XCBuildConfiguration;
			baseConfigurationReference = 86DD2508AC90F34B7183ECF7 /* Pods-Group5Alpha.release.xcconfig */;
			buildSettings = {
				ASSETCATALOG_COMPILER_APPICON_NAME = AppIcon;
				CODE_SIGN_STYLE = Automatic;
				INFOPLIST_FILE = Group5Alpha/Info.plist;
				LD_RUNPATH_SEARCH_PATHS = "$(inherited) @executable_path/Frameworks";
				PRODUCT_BUNDLE_IDENTIFIER = "Daniel-Pimentel.Group5Alpha";
				PRODUCT_NAME = "$(TARGET_NAME)";
				SWIFT_VERSION = 4.0;
				TARGETED_DEVICE_FAMILY = "1,2";
			};
			name = Release;
		};
		81D0CACC1FA3D33200F99408 /* Debug */ = {
			isa = XCBuildConfiguration;
			baseConfigurationReference = A7ACCF9343C66B7EDB3BB57E /* Pods-Group5AlphaTests.debug.xcconfig */;
			buildSettings = {
				ALWAYS_EMBED_SWIFT_STANDARD_LIBRARIES = YES;
				BUNDLE_LOADER = "$(TEST_HOST)";
				CODE_SIGN_STYLE = Automatic;
				INFOPLIST_FILE = Group5AlphaTests/Info.plist;
				LD_RUNPATH_SEARCH_PATHS = "$(inherited) @executable_path/Frameworks @loader_path/Frameworks";
				PRODUCT_BUNDLE_IDENTIFIER = "Daniel-Pimentel.Group5AlphaTests";
				PRODUCT_NAME = "$(TARGET_NAME)";
				SWIFT_VERSION = 4.0;
				TARGETED_DEVICE_FAMILY = "1,2";
				TEST_HOST = "$(BUILT_PRODUCTS_DIR)/Group5Alpha.app/Group5Alpha";
			};
			name = Debug;
		};
		81D0CACD1FA3D33200F99408 /* Release */ = {
			isa = XCBuildConfiguration;
			baseConfigurationReference = A812D3B017E860070240F7A8 /* Pods-Group5AlphaTests.release.xcconfig */;
			buildSettings = {
				ALWAYS_EMBED_SWIFT_STANDARD_LIBRARIES = YES;
				BUNDLE_LOADER = "$(TEST_HOST)";
				CODE_SIGN_STYLE = Automatic;
				INFOPLIST_FILE = Group5AlphaTests/Info.plist;
				LD_RUNPATH_SEARCH_PATHS = "$(inherited) @executable_path/Frameworks @loader_path/Frameworks";
				PRODUCT_BUNDLE_IDENTIFIER = "Daniel-Pimentel.Group5AlphaTests";
				PRODUCT_NAME = "$(TARGET_NAME)";
				SWIFT_VERSION = 4.0;
				TARGETED_DEVICE_FAMILY = "1,2";
				TEST_HOST = "$(BUILT_PRODUCTS_DIR)/Group5Alpha.app/Group5Alpha";
			};
			name = Release;
		};
		81D0CACF1FA3D33200F99408 /* Debug */ = {
			isa = XCBuildConfiguration;
			baseConfigurationReference = 9D5FCE236624D3F62B458EA2 /* Pods-Group5AlphaUITests.debug.xcconfig */;
			buildSettings = {
				ALWAYS_EMBED_SWIFT_STANDARD_LIBRARIES = YES;
				CODE_SIGN_STYLE = Automatic;
				INFOPLIST_FILE = Group5AlphaUITests/Info.plist;
				LD_RUNPATH_SEARCH_PATHS = "$(inherited) @executable_path/Frameworks @loader_path/Frameworks";
				PRODUCT_BUNDLE_IDENTIFIER = "Daniel-Pimentel.Group5AlphaUITests";
				PRODUCT_NAME = "$(TARGET_NAME)";
				SWIFT_VERSION = 4.0;
				TARGETED_DEVICE_FAMILY = "1,2";
				TEST_TARGET_NAME = Group5Alpha;
			};
			name = Debug;
		};
		81D0CAD01FA3D33200F99408 /* Release */ = {
			isa = XCBuildConfiguration;
			baseConfigurationReference = 49EAB40F6C3CE5FD4C0E09E3 /* Pods-Group5AlphaUITests.release.xcconfig */;
			buildSettings = {
				ALWAYS_EMBED_SWIFT_STANDARD_LIBRARIES = YES;
				CODE_SIGN_STYLE = Automatic;
				INFOPLIST_FILE = Group5AlphaUITests/Info.plist;
				LD_RUNPATH_SEARCH_PATHS = "$(inherited) @executable_path/Frameworks @loader_path/Frameworks";
				PRODUCT_BUNDLE_IDENTIFIER = "Daniel-Pimentel.Group5AlphaUITests";
				PRODUCT_NAME = "$(TARGET_NAME)";
				SWIFT_VERSION = 4.0;
				TARGETED_DEVICE_FAMILY = "1,2";
				TEST_TARGET_NAME = Group5Alpha;
			};
			name = Release;
		};
/* End XCBuildConfiguration section */

/* Begin XCConfigurationList section */
		81D0CA9B1FA3D33100F99408 /* Build configuration list for PBXProject "Group5Alpha" */ = {
			isa = XCConfigurationList;
			buildConfigurations = (
				81D0CAC61FA3D33200F99408 /* Debug */,
				81D0CAC71FA3D33200F99408 /* Release */,
			);
			defaultConfigurationIsVisible = 0;
			defaultConfigurationName = Release;
		};
		81D0CAC81FA3D33200F99408 /* Build configuration list for PBXNativeTarget "Group5Alpha" */ = {
			isa = XCConfigurationList;
			buildConfigurations = (
				81D0CAC91FA3D33200F99408 /* Debug */,
				81D0CACA1FA3D33200F99408 /* Release */,
			);
			defaultConfigurationIsVisible = 0;
			defaultConfigurationName = Release;
		};
		81D0CACB1FA3D33200F99408 /* Build configuration list for PBXNativeTarget "Group5AlphaTests" */ = {
			isa = XCConfigurationList;
			buildConfigurations = (
				81D0CACC1FA3D33200F99408 /* Debug */,
				81D0CACD1FA3D33200F99408 /* Release */,
			);
			defaultConfigurationIsVisible = 0;
			defaultConfigurationName = Release;
		};
		81D0CACE1FA3D33200F99408 /* Build configuration list for PBXNativeTarget "Group5AlphaUITests" */ = {
			isa = XCConfigurationList;
			buildConfigurations = (
				81D0CACF1FA3D33200F99408 /* Debug */,
				81D0CAD01FA3D33200F99408 /* Release */,
			);
			defaultConfigurationIsVisible = 0;
			defaultConfigurationName = Release;
		};
/* End XCConfigurationList section */
	};
	rootObject = 81D0CA981FA3D33100F99408 /* Project object */;
}
